
Microsoft Visual Studio Solution File, Format Version 12.00
# Visual Studio Version 17
VisualStudioVersion = 17.0.31903.59
MinimumVisualStudioVersion = 10.0.40219.1
Project("{FAE04EC0-301F-11D3-BF4B-00C04F79EFBC}") = "tests-mandado", "tests\tests-mandado.csproj", "{73F98EC5-C52A-415D-810D-268E9D388849}"
EndProject
Project("{FAE04EC0-301F-11D3-BF4B-00C04F79EFBC}") = "core-mandado", "core\core-mandado.csproj", "{4A9E086A-996D-4817-937E-8EE53E63CE2C}"
EndProject
Project("{FAE04EC0-301F-11D3-BF4B-00C04F79EFBC}") = "api-mandado", "webapi\api-mandado.csproj", "{B714660E-F98E-4266-A984-FD9D38702626}"
EndProject
Project("{FAE04EC0-301F-11D3-BF4B-00C04F79EFBC}") = "mnd-dataaccess", "dataaccess\mnd-dataaccess.csproj", "{F2FE711B-FBD1-4D84-8B0E-1E60F451E480}"
EndProject
Global
	GlobalSection(SolutionConfigurationPlatforms) = preSolution
		Debug|Any CPU = Debug|Any CPU
		Debug|x64 = Debug|x64
		Debug|x86 = Debug|x86
		Release|Any CPU = Release|Any CPU
		Release|x64 = Release|x64
		Release|x86 = Release|x86
	EndGlobalSection
	GlobalSection(ProjectConfigurationPlatforms) = postSolution
		{73F98EC5-C52A-415D-810D-268E9D388849}.Debug|Any CPU.ActiveCfg = Debug|Any CPU
		{73F98EC5-C52A-415D-810D-268E9D388849}.Debug|Any CPU.Build.0 = Debug|Any CPU
		{73F98EC5-C52A-415D-810D-268E9D388849}.Debug|x64.ActiveCfg = Debug|Any CPU
		{73F98EC5-C52A-415D-810D-268E9D388849}.Debug|x64.Build.0 = Debug|Any CPU
		{73F98EC5-C52A-415D-810D-268E9D388849}.Debug|x86.ActiveCfg = Debug|Any CPU
		{73F98EC5-C52A-415D-810D-268E9D388849}.Debug|x86.Build.0 = Debug|Any CPU
		{73F98EC5-C52A-415D-810D-268E9D388849}.Release|Any CPU.ActiveCfg = Release|Any CPU
		{73F98EC5-C52A-415D-810D-268E9D388849}.Release|Any CPU.Build.0 = Release|Any CPU
		{73F98EC5-C52A-415D-810D-268E9D388849}.Release|x64.ActiveCfg = Release|Any CPU
		{73F98EC5-C52A-415D-810D-268E9D388849}.Release|x64.Build.0 = Release|Any CPU
		{73F98EC5-C52A-415D-810D-268E9D388849}.Release|x86.ActiveCfg = Release|Any CPU
		{73F98EC5-C52A-415D-810D-268E9D388849}.Release|x86.Build.0 = Release|Any CPU
		{4A9E086A-996D-4817-937E-8EE53E63CE2C}.Debug|Any CPU.ActiveCfg = Debug|Any CPU
		{4A9E086A-996D-4817-937E-8EE53E63CE2C}.Debug|Any CPU.Build.0 = Debug|Any CPU
		{4A9E086A-996D-4817-937E-8EE53E63CE2C}.Debug|x64.ActiveCfg = Debug|Any CPU
		{4A9E086A-996D-4817-937E-8EE53E63CE2C}.Debug|x64.Build.0 = Debug|Any CPU
		{4A9E086A-996D-4817-937E-8EE53E63CE2C}.Debug|x86.ActiveCfg = Debug|Any CPU
		{4A9E086A-996D-4817-937E-8EE53E63CE2C}.Debug|x86.Build.0 = Debug|Any CPU
		{4A9E086A-996D-4817-937E-8EE53E63CE2C}.Release|Any CPU.ActiveCfg = Release|Any CPU
		{4A9E086A-996D-4817-937E-8EE53E63CE2C}.Release|Any CPU.Build.0 = Release|Any CPU
		{4A9E086A-996D-4817-937E-8EE53E63CE2C}.Release|x64.ActiveCfg = Release|Any CPU
		{4A9E086A-996D-4817-937E-8EE53E63CE2C}.Release|x64.Build.0 = Release|Any CPU
		{4A9E086A-996D-4817-937E-8EE53E63CE2C}.Release|x86.ActiveCfg = Release|Any CPU
		{4A9E086A-996D-4817-937E-8EE53E63CE2C}.Release|x86.Build.0 = Release|Any CPU
		{B714660E-F98E-4266-A984-FD9D38702626}.Debug|Any CPU.ActiveCfg = Debug|Any CPU
		{B714660E-F98E-4266-A984-FD9D38702626}.Debug|Any CPU.Build.0 = Debug|Any CPU
		{B714660E-F98E-4266-A984-FD9D38702626}.Debug|x64.ActiveCfg = Debug|Any CPU
		{B714660E-F98E-4266-A984-FD9D38702626}.Debug|x64.Build.0 = Debug|Any CPU
		{B714660E-F98E-4266-A984-FD9D38702626}.Debug|x86.ActiveCfg = Debug|Any CPU
		{B714660E-F98E-4266-A984-FD9D38702626}.Debug|x86.Build.0 = Debug|Any CPU
		{B714660E-F98E-4266-A984-FD9D38702626}.Release|Any CPU.ActiveCfg = Release|Any CPU
		{B714660E-F98E-4266-A984-FD9D38702626}.Release|Any CPU.Build.0 = Release|Any CPU
		{B714660E-F98E-4266-A984-FD9D38702626}.Release|x64.ActiveCfg = Release|Any CPU
		{B714660E-F98E-4266-A984-FD9D38702626}.Release|x64.Build.0 = Release|Any CPU
		{B714660E-F98E-4266-A984-FD9D38702626}.Release|x86.ActiveCfg = Release|Any CPU
		{B714660E-F98E-4266-A984-FD9D38702626}.Release|x86.Build.0 = Release|Any CPU
		{F2FE711B-FBD1-4D84-8B0E-1E60F451E480}.Debug|Any CPU.ActiveCfg = Debug|Any CPU
		{F2FE711B-FBD1-4D84-8B0E-1E60F451E480}.Debug|Any CPU.Build.0 = Debug|Any CPU
		{F2FE711B-FBD1-4D84-8B0E-1E60F451E480}.Debug|x64.ActiveCfg = Debug|Any CPU
		{F2FE711B-FBD1-4D84-8B0E-1E60F451E480}.Debug|x64.Build.0 = Debug|Any CPU
		{F2FE711B-FBD1-4D84-8B0E-1E60F451E480}.Debug|x86.ActiveCfg = Debug|Any CPU
		{F2FE711B-FBD1-4D84-8B0E-1E60F451E480}.Debug|x86.Build.0 = Debug|Any CPU
		{F2FE711B-FBD1-4D84-8B0E-1E60F451E480}.Release|Any CPU.ActiveCfg = Release|Any CPU
		{F2FE711B-FBD1-4D84-8B0E-1E60F451E480}.Release|Any CPU.Build.0 = Release|Any CPU
		{F2FE711B-FBD1-4D84-8B0E-1E60F451E480}.Release|x64.ActiveCfg = Release|Any CPU
		{F2FE711B-FBD1-4D84-8B0E-1E60F451E480}.Release|x64.Build.0 = Release|Any CPU
		{F2FE711B-FBD1-4D84-8B0E-1E60F451E480}.Release|x86.ActiveCfg = Release|Any CPU
		{F2FE711B-FBD1-4D84-8B0E-1E60F451E480}.Release|x86.Build.0 = Release|Any CPU
	EndGlobalSection
	GlobalSection(SolutionProperties) = preSolution
		HideSolutionNode = FALSE
	EndGlobalSection
EndGlobal
